{
  "checksum": "90a9d07ec97efd8dc670e6c61116a6e697ce14e1f4e39fbce3c8215684aab4be",
  "crates": {
    "artisan-assets 0.0.0": {
      "name": "artisan-assets",
      "version": "0.0.0",
      "package_url": null,
      "repository": null,
      "targets": [
        {
          "Library": {
            "crate_name": "artisan_assets",
            "crate_root": "src/lib.rs",
            "srcs": {
              "allow_empty": true,
              "include": [
                "**/*.rs"
              ]
            }
          }
        }
      ],
      "library_target_name": "artisan_assets",
      "common_attrs": {
        "compile_data_glob": [
          "**"
        ],
        "edition": "2024",
        "version": "0.0.0"
      },
      "license": "BSD-3-Clause",
      "license_ids": [
        "BSD-3-Clause"
      ],
      "license_file": null
    },
    "artisan-backend 0.0.0": {
      "name": "artisan-backend",
      "version": "0.0.0",
      "package_url": null,
      "repository": null,
      "targets": [
        {
          "Library": {
            "crate_name": "artisan_backend",
            "crate_root": "src/lib.rs",
            "srcs": {
              "allow_empty": true,
              "include": [
                "**/*.rs"
              ]
            }
          }
        }
      ],
      "library_target_name": "artisan_backend",
      "common_attrs": {
        "compile_data_glob": [
          "**"
        ],
        "edition": "2024",
        "version": "0.0.0"
      },
      "license": "BSD-3-Clause",
      "license_ids": [
        "BSD-3-Clause"
      ],
      "license_file": null
    },
    "artisan-database 0.0.0": {
      "name": "artisan-database",
      "version": "0.0.0",
      "package_url": null,
      "repository": null,
      "targets": [
        {
          "Library": {
            "crate_name": "artisan_database",
            "crate_root": "src/lib.rs",
            "srcs": {
              "allow_empty": true,
              "include": [
                "**/*.rs"
              ]
            }
          }
        }
      ],
      "library_target_name": "artisan_database",
      "common_attrs": {
        "compile_data_glob": [
          "**"
        ],
        "edition": "2024",
        "version": "0.0.0"
      },
      "license": "BSD-3-Clause",
      "license_ids": [
        "BSD-3-Clause"
      ],
      "license_file": null
    },
    "artisan-domain 0.0.0": {
      "name": "artisan-domain",
      "version": "0.0.0",
      "package_url": null,
      "repository": null,
      "targets": [
        {
          "Library": {
            "crate_name": "artisan_domain",
            "crate_root": "src/lib.rs",
            "srcs": {
              "allow_empty": true,
              "include": [
                "**/*.rs"
              ]
            }
          }
        }
      ],
      "library_target_name": "artisan_domain",
      "common_attrs": {
        "compile_data_glob": [
          "**"
        ],
        "deps": {
          "common": [
            {
              "id": "thiserror 2.0.20",
              "target": "thiserror"
            }
          ],
          "selects": {}
        },
        "edition": "2024",
        "version": "0.0.0"
      },
      "license": "BSD-3-Clause",
      "license_ids": [
        "BSD-3-Clause"
      ],
      "license_file": null
    },
    "artisan-frontend 0.0.0": {
      "name": "artisan-frontend",
      "version": "0.0.0",
      "package_url": null,
      "repository": null,
      "targets": [
        {
          "Library": {
            "crate_name": "artisan_frontend",
            "crate_root": "src/lib.rs",
            "srcs": {
              "allow_empty": true,
              "include": [
                "**/*.rs"
              ]
            }
          }
        }
      ],
      "library_target_name": "artisan_frontend",
      "common_attrs": {
        "compile_data_glob": [
          "**"
        ],
        "edition": "2024",
        "version": "0.0.0"
      },
      "license": "BSD-3-Clause",
      "license_ids": [
        "BSD-3-Clause"
      ],
      "license_file": null
    },
    "artisan-migrations 0.0.0": {
      "name": "artisan-migrations",
      "version": "0.0.0",
      "package_url": null,
      "repository": null,
      "targets": [
        {
          "Library": {
            "crate_name": "artisan_migrations",
            "crate_root": "src/lib.rs",
            "srcs": {
              "allow_empty": true,
              "include": [
                "**/*.rs"
              ]
            }
          }
        }
      ],
      "library_target_name": "artisan_migrations",
      "common_attrs": {
        "compile_data_glob": [
          "**"
        ],
        "edition": "2024",
        "version": "0.0.0"
      },
      "license": "BSD-3-Clause",
      "license_ids": [
        "BSD-3-Clause"
      ],
      "license_file": null
    },
    "artisan-protocol 0.0.0": {
      "name": "artisan-protocol",
      "version": "0.0.0",
      "package_url": null,
      "repository": null,
      "targets": [
        {
          "Library": {
            "crate_name": "artisan_protocol",
            "crate_root": "src/lib.rs",
            "srcs": {
              "allow_empty": true,
              "include": [
                "**/*.rs"
              ]
            }
          }
        }
      ],
      "library_target_name": "artisan_protocol",
      "common_attrs": {
        "compile_data_glob": [
          "**"
        ],
        "edition": "2024",
        "version": "0.0.0"
      },
      "license": "BSD-3-Clause",
      "license_ids": [
        "BSD-3-Clause"
      ],
      "license_file": null
    },
    "artisan-transport 0.0.0": {
      "name": "artisan-transport",
      "version": "0.0.0",
      "package_url": null,
      "repository": null,
      "targets": [
        {
          "Library": {
            "crate_name": "artisan_transport",
            "crate_root": "src/lib.rs",
            "srcs": {
              "allow_empty": true,
              "include": [
                "**/*.rs"
              ]
            }
          }
        }
      ],
      "library_target_name": "artisan_transport",
      "common_attrs": {
        "compile_data_glob": [
          "**"
        ],
        "edition": "2024",
        "version": "0.0.0"
      },
      "license": "BSD-3-Clause",
      "license_ids": [
        "BSD-3-Clause"
      ],
      "license_file": null
    },
    "artisan-ui 0.0.0": {
      "name": "artisan-ui",
      "version": "0.0.0",
      "package_url": null,
      "repository": null,
      "targets": [
        {
          "Library": {
            "crate_name": "artisan_ui",
            "crate_root": "src/lib.rs",
            "srcs": {
              "allow_empty": true,
              "include": [
                "**/*.rs"
              ]
            }
          }
        }
      ],
      "library_target_name": "artisan_ui",
      "common_attrs": {
        "compile_data_glob": [
          "**"
        ],
        "edition": "2024",
        "version": "0.0.0"
      },
      "license": "BSD-3-Clause",
      "license_ids": [
        "BSD-3-Clause"
      ],
      "license_file": null
    },
    "proc-macro2 1.0.107": {
      "name": "proc-macro2",
      "version": "1.0.107",
      "package_url": "https://github.com/dtolnay/proc-macro2",
      "repository": {
        "Http": {
          "url": "https://static.crates.io/crates/proc-macro2/1.0.107/download",
          "sha256": "985e7ec9bb745e6ce6535b544d84d6cd6f7ad8bd711c398938ae983b91a766d9"
        }
      },
      "targets": [
        {
          "Library": {
            "crate_name": "proc_macro2",
            "crate_root": "src/lib.rs",
            "srcs": {
              "allow_empty": true,
              "include": [
                "**/*.rs"
              ]
            }
          }
        },
        {
          "BuildScript": {
            "crate_name": "build_script_build",
            "crate_root": "build.rs",
            "srcs": {
              "allow_empty": true,
              "include": [
                "**/*.rs"
              ]
            }
          }
        }
      ],
      "library_target_name": "proc_macro2",
      "common_attrs": {
        "compile_data_glob": [
          "**"
        ],
        "crate_features": {
          "common": [
            "default",
            "proc-macro"
          ],
          "selects": {}
        },
        "deps": {
          "common": [
            {
              "id": "unicode-ident 1.0.24",
              "target": "unicode_ident"
            }
          ],
          "selects": {}
        },
        "extra_deps": {
          "common": [
            ":build_script_build"
          ],
          "selects": {}
        },
        "edition": "2021",
        "version": "1.0.107"
      },
      "build_script_attrs": {
        "compile_data_glob": [
          "**"
        ],
        "compile_data_glob_excludes": [
          "**/*.rs"
        ],
        "data_glob": [
          "**"
        ]
      },
      "license": "MIT OR Apache-2.0",
      "license_ids": [
        "Apache-2.0",
        "MIT"
      ],
      "license_file": "LICENSE-APACHE"
    },
    "quote 1.0.47": {
      "name": "quote",
      "version": "1.0.47",
      "package_url": "https://github.com/dtolnay/quote",
      "repository": {
        "Http": {
          "url": "https://static.crates.io/crates/quote/1.0.47/download",
          "sha256": "1fbf4db142a473a8d80c26bbf18454ed458bf8d26c8219c331daecfdbd079001"
        }
      },
      "targets": [
        {
          "Library": {
            "crate_name": "quote",
            "crate_root": "src/lib.rs",
            "srcs": {
              "allow_empty": true,
              "include": [
                "**/*.rs"
              ]
            }
          }
        },
        {
          "BuildScript": {
            "crate_name": "build_script_build",
            "crate_root": "build.rs",
            "srcs": {
              "allow_empty": true,
              "include": [
                "**/*.rs"
              ]
            }
          }
        }
      ],
      "library_target_name": "quote",
      "common_attrs": {
        "compile_data_glob": [
          "**"
        ],
        "crate_features": {
          "common": [
            "default",
            "proc-macro"
          ],
          "selects": {}
        },
        "deps": {
          "common": [
            {
              "id": "proc-macro2 1.0.107",
              "target": "proc_macro2"
            }
          ],
          "selects": {}
        },
        "extra_deps": {
          "common": [
            ":build_script_build"
          ],
          "selects": {}
        },
        "edition": "2021",
        "version": "1.0.47"
      },
      "build_script_attrs": {
        "compile_data_glob": [
          "**"
        ],
        "compile_data_glob_excludes": [
          "**/*.rs"
        ],
        "data_glob": [
          "**"
        ]
      },
      "license": "MIT OR Apache-2.0",
      "license_ids": [
        "Apache-2.0",
        "MIT"
      ],
      "license_file": "LICENSE-APACHE"
    },
    "syn 3.0.4": {
      "name": "syn",
      "version": "3.0.4",
      "package_url": "https://github.com/dtolnay/syn",
      "repository": {
        "Http": {
          "url": "https://static.crates.io/crates/syn/3.0.4/download",
          "sha256": "e6275cddf4610d1775e6d1fe9469b2e77d0f39fd98fb7450901b821e0c53649f"
        }
      },
      "targets": [
        {
          "Library": {
            "crate_name": "syn",
            "crate_root": "src/lib.rs",
            "srcs": {
              "allow_empty": true,
              "include": [
                "**/*.rs"
              ]
            }
          }
        }
      ],
      "library_target_name": "syn",
      "common_attrs": {
        "compile_data_glob": [
          "**"
        ],
        "crate_features": {
          "common": [
            "clone-impls",
            "default",
            "derive",
            "parsing",
            "printing",
            "proc-macro"
          ],
          "selects": {}
        },
        "deps": {
          "common": [
            {
              "id": "proc-macro2 1.0.107",
              "target": "proc_macro2"
            },
            {
              "id": "quote 1.0.47",
              "target": "quote"
            },
            {
              "id": "unicode-ident 1.0.24",
              "target": "unicode_ident"
            }
          ],
          "selects": {}
        },
        "edition": "2021",
        "version": "3.0.4"
      },
      "license": "MIT OR Apache-2.0",
      "license_ids": [
        "Apache-2.0",
        "MIT"
      ],
      "license_file": "LICENSE-APACHE"
    },
    "thiserror 2.0.20": {
      "name": "thiserror",
      "version": "2.0.20",
      "package_url": "https://github.com/dtolnay/thiserror",
      "repository": {
        "Http": {
          "url": "https://static.crates.io/crates/thiserror/2.0.20/download",
          "sha256": "ec86235f5fcc2a73650310756d2ac5b138a5780bbbdfae3eeccec992c435ba4f"
        }
      },
      "targets": [
        {
          "Library": {
            "crate_name": "thiserror",
            "crate_root": "src/lib.rs",
            "srcs": {
              "allow_empty": true,
              "include": [
                "**/*.rs"
              ]
            }
          }
        },
        {
          "BuildScript": {
            "crate_name": "build_script_build",
            "crate_root": "build.rs",
            "srcs": {
              "allow_empty": true,
              "include": [
                "**/*.rs"
              ]
            }
          }
        }
      ],
      "library_target_name": "thiserror",
      "common_attrs": {
        "compile_data_glob": [
          "**"
        ],
        "crate_features": {
          "common": [
            "default",
            "std"
          ],
          "selects": {}
        },
        "extra_deps": {
          "common": [
            ":build_script_build"
          ],
          "selects": {}
        },
        "edition": "2021",
        "proc_macro_deps": {
          "common": [
            {
              "id": "thiserror-impl 2.0.20",
              "target": "thiserror_impl"
            }
          ],
          "selects": {}
        },
        "version": "2.0.20"
      },
      "build_script_attrs": {
        "compile_data_glob": [
          "**"
        ],
        "compile_data_glob_excludes": [
          "**/*.rs"
        ],
        "data_glob": [
          "**"
        ]
      },
      "license": "MIT OR Apache-2.0",
      "license_ids": [
        "Apache-2.0",
        "MIT"
      ],
      "license_file": "LICENSE-APACHE"
    },
    "thiserror-impl 2.0.20": {
      "name": "thiserror-impl",
      "version": "2.0.20",
      "package_url": "https://github.com/dtolnay/thiserror",
      "repository": {
        "Http": {
          "url": "https://static.crates.io/crates/thiserror-impl/2.0.20/download",
          "sha256": "bc04cd3e1236dd4a98afca4569f2deb3f120e5422a4023be2cb683f8486292af"
        }
      },
      "targets": [
        {
          "ProcMacro": {
            "crate_name": "thiserror_impl",
            "crate_root": "src/lib.rs",
            "srcs": {
              "allow_empty": true,
              "include": [
                "**/*.rs"
              ]
            }
          }
        }
      ],
      "library_target_name": "thiserror_impl",
      "common_attrs": {
        "compile_data_glob": [
          "**"
        ],
        "deps": {
          "common": [
            {
              "id": "proc-macro2 1.0.107",
              "target": "proc_macro2"
            },
            {
              "id": "quote 1.0.47",
              "target": "quote"
            },
            {
              "id": "syn 3.0.4",
              "target": "syn"
            }
          ],
          "selects": {}
        },
        "edition": "2021",
        "version": "2.0.20"
      },
      "license": "MIT OR Apache-2.0",
      "license_ids": [
        "Apache-2.0",
        "MIT"
      ],
      "license_file": "LICENSE-APACHE"
    },
    "unicode-ident 1.0.24": {
      "name": "unicode-ident",
      "version": "1.0.24",
      "package_url": "https://github.com/dtolnay/unicode-ident",
      "repository": {
        "Http": {
          "url": "https://static.crates.io/crates/unicode-ident/1.0.24/download",
          "sha256": "e6e4313cd5fcd3dad5cafa179702e2b244f760991f45397d14d4ebf38247da75"
        }
      },
      "targets": [
        {
          "Library": {
            "crate_name": "unicode_ident",
            "crate_root": "src/lib.rs",
            "srcs": {
              "allow_empty": true,
              "include": [
                "**/*.rs"
              ]
            }
          }
        }
      ],
      "library_target_name": "unicode_ident",
      "common_attrs": {
        "compile_data_glob": [
          "**"
        ],
        "edition": "2021",
        "version": "1.0.24"
      },
      "license": "(MIT OR Apache-2.0) AND Unicode-3.0",
      "license_ids": [
        "Apache-2.0",
        "MIT",
        "Unicode-3.0"
      ],
      "license_file": "LICENSE-APACHE"
    }
  },
  "binary_crates": [],
  "workspace_members": {
    "artisan-assets 0.0.0": "modules/assets",
    "artisan-backend 0.0.0": "modules/backend",
    "artisan-database 0.0.0": "modules/database",
    "artisan-domain 0.0.0": "modules/domain",
    "artisan-frontend 0.0.0": "modules/frontend",
    "artisan-migrations 0.0.0": "modules/migrations",
    "artisan-protocol 0.0.0": "modules/protocol",
    "artisan-transport 0.0.0": "modules/transport",
    "artisan-ui 0.0.0": "modules/ui"
  },
  "conditions": {
    "aarch64-apple-darwin": [
      "aarch64-apple-darwin"
    ],
    "aarch64-unknown-linux-gnu": [
      "aarch64-unknown-linux-gnu"
    ],
    "wasm32-unknown-unknown": [
      "wasm32-unknown-unknown"
    ],
    "wasm32-wasip1": [
      "wasm32-wasip1"
    ],
    "x86_64-pc-windows-msvc": [
      "x86_64-pc-windows-msvc"
    ],
    "x86_64-unknown-linux-gnu": [
      "x86_64-unknown-linux-gnu"
    ],
    "x86_64-unknown-nixos-gnu": [
      "x86_64-unknown-nixos-gnu"
    ]
  },
  "direct_deps": [
    "thiserror 2.0.20"
  ],
  "direct_dev_deps": [],
  "unused_patches": []
}
